{
  "name": "sandbox-renovate",
  "version": "1.0.0",
  "lockfileVersion": 1,
  "requires": true,
  "dependencies": {
    "@kogai/typed_i18n": {
      "version": "0.4.8",
      "resolved": "https://registry.npmjs.org/@kogai/typed_i18n/-/typed_i18n-0.4.8.tgz",
      "integrity": "sha512-kCEWXBvqUTE4JEd3lTJby5na61M6/W+YwePoHn482ZJwSIF0a5mWU5MR5IQFfcrRxEy/gdf1nWAm2uE5VMl2+w=="
    }
  }
}
