{
  "name": "sandbox-renovate",
  "version": "1.0.0",
  "lockfileVersion": 1,
  "requires": true,
  "dependencies": {
    "@kogai/typed_i18n": {
      "version": "0.5.14",
      "resolved": "https://registry.npmjs.org/@kogai/typed_i18n/-/typed_i18n-0.5.14.tgz",
      "integrity": "sha512-K2xu0IY4fl4YN3u722nTM1ez9EG+YN8sdT6QssuUFoEhtLmsF4XFKOYYL5r0XKK5ka6VodVnsV99mnGL45hc+A=="
    }
  }
}
